
Microsoft Visual Studio Solution File, Format Version 12.00
# Visual Studio Version 16
VisualStudioVersion = 16.0.29613.14
MinimumVisualStudioVersion = 10.0.40219.1
Project("{9A19103F-16F7-4668-BE54-9A1E7A4F7556}") = "SimpleTcpChat.Client", "SimpleTcpChat.Client\SimpleTcpChat.Client.csproj", "{33614510-1525-41BA-A1EA-C689B78E3CFF}"
EndProject
Project("{9A19103F-16F7-4668-BE54-9A1E7A4F7556}") = "SimpleTcpChat.CommonData", "SimpleTcpChat.CommonData\SimpleTcpChat.CommonData.csproj", "{6ED5C504-F414-4A9A-9AAC-DEA0944BC7CF}"
EndProject
Project("{9A19103F-16F7-4668-BE54-9A1E7A4F7556}") = "SimpleTcpChat.Server", "SimpleTcpChat.Server\SimpleTcpChat.Server.csproj", "{7972EFB6-A2EF-47A4-9FD5-27D330A3EE69}"
EndProject
Global
	GlobalSection(SolutionConfigurationPlatforms) = preSolution
		Debug|Any CPU = Debug|Any CPU
		Release|Any CPU = Release|Any CPU
	EndGlobalSection
	GlobalSection(ProjectConfigurationPlatforms) = postSolution
		{33614510-1525-41BA-A1EA-C689B78E3CFF}.Debug|Any CPU.ActiveCfg = Debug|Any CPU
		{33614510-1525-41BA-A1EA-C689B78E3CFF}.Debug|Any CPU.Build.0 = Debug|Any CPU
		{33614510-1525-41BA-A1EA-C689B78E3CFF}.Release|Any CPU.ActiveCfg = Release|Any CPU
		{33614510-1525-41BA-A1EA-C689B78E3CFF}.Release|Any CPU.Build.0 = Release|Any CPU
		{6ED5C504-F414-4A9A-9AAC-DEA0944BC7CF}.Debug|Any CPU.ActiveCfg = Debug|Any CPU
		{6ED5C504-F414-4A9A-9AAC-DEA0944BC7CF}.Debug|Any CPU.Build.0 = Debug|Any CPU
		{6ED5C504-F414-4A9A-9AAC-DEA0944BC7CF}.Release|Any CPU.ActiveCfg = Release|Any CPU
		{6ED5C504-F414-4A9A-9AAC-DEA0944BC7CF}.Release|Any CPU.Build.0 = Release|Any CPU
		{7972EFB6-A2EF-47A4-9FD5-27D330A3EE69}.Debug|Any CPU.ActiveCfg = Debug|Any CPU
		{7972EFB6-A2EF-47A4-9FD5-27D330A3EE69}.Debug|Any CPU.Build.0 = Debug|Any CPU
		{7972EFB6-A2EF-47A4-9FD5-27D330A3EE69}.Release|Any CPU.ActiveCfg = Release|Any CPU
		{7972EFB6-A2EF-47A4-9FD5-27D330A3EE69}.Release|Any CPU.Build.0 = Release|Any CPU
	EndGlobalSection
	GlobalSection(SolutionProperties) = preSolution
		HideSolutionNode = FALSE
	EndGlobalSection
	GlobalSection(ExtensibilityGlobals) = postSolution
		SolutionGuid = {7CE1EC8C-E203-4B74-A973-3D8CADC91ACD}
	EndGlobalSection
EndGlobal
